// !$*UTF8*$!
{
	archiveVersion = 1;
	classes = {
	};
	objectVersion = 56;
	objects = {

/* Begin PBXBuildFile section */
		0A12F38D2F428058007A0625 /* SoundManager.swift in Sources */ = {isa = PBXBuildFile; fileRef = 0A12F38B2F428058007A0625 /* SoundManager.swift */; };
		0A12F3902F428059007A0625 /* SoundPlaying.swift in Sources */ = {isa = PBXBuildFile; fileRef = 0A12F38E2F428059007A0625 /* SoundPlaying.swift */; };
		0A12F3912F428059007A0625 /* StatsTracking.swift in Sources */ = {isa = PBXBuildFile; fileRef = 0A12F38F2F428059007A0625 /* StatsTracking.swift */; };
		0A76F2BE2F429AA500F56EC0 /* buzzer.wav in Resources */ = {isa = PBXBuildFile; fileRef = 0A76F2B82F429AA500F56EC0 /* buzzer.wav */; };
		0A76F2BF2F429AA500F56EC0 /* victory.wav in Resources */ = {isa = PBXBuildFile; fileRef = 0A76F2BC2F429AA500F56EC0 /* victory.wav */; };
		0A76F2C02F429AA500F56EC0 /* shovel.wav in Resources */ = {isa = PBXBuildFile; fileRef = 0A76F2BB2F429AA500F56EC0 /* shovel.wav */; };
		0A76F2C12F429AA500F56EC0 /* compass.wav in Resources */ = {isa = PBXBuildFile; fileRef = 0A76F2BA2F429AA500F56EC0 /* compass.wav */; };
		0A76F2C22F429AA500F56EC0 /* coins.wav in Resources */ = {isa = PBXBuildFile; fileRef = 0A76F2B92F429AA500F56EC0 /* coins.wav */; };
		0A76F2C42F42A07800F56EC0 /* failure.wav in Resources */ = {isa = PBXBuildFile; fileRef = 0A76F2C32F42A07800F56EC0 /* failure.wav */; };
		0A76F2C62F42A38000F56EC0 /* GameStats.swift in Sources */ = {isa = PBXBuildFile; fileRef = 0A76F2C52F42A38000F56EC0 /* GameStats.swift */; };
		0A76F2C82F42A39100F56EC0 /* StatsManager.swift in Sources */ = {isa = PBXBuildFile; fileRef = 0A76F2C72F42A39100F56EC0 /* StatsManager.swift */; };
		0A76F2CB2F42A3A200F56EC0 /* MilestoneView.swift in Sources */ = {isa = PBXBuildFile; fileRef = 0A76F2C92F42A3A200F56EC0 /* MilestoneView.swift */; };
		0A76F2CC2F42A3A200F56EC0 /* StatsView.swift in Sources */ = {isa = PBXBuildFile; fileRef = 0A76F2CA2F42A3A200F56EC0 /* StatsView.swift */; };
		AA0001 /* HideAndSeekApp.swift in Sources */ = {isa = PBXBuildFile; fileRef = BB0001 /* HideAndSeekApp.swift */; };
		AA0002 /* ContentView.swift in Sources */ = {isa = PBXBuildFile; fileRef = BB0002 /* ContentView.swift */; };
		AA0003 /* Tile.swift in Sources */ = {isa = PBXBuildFile; fileRef = BB0003 /* Tile.swift */; };
		AA0004 /* GameSettings.swift in Sources */ = {isa = PBXBuildFile; fileRef = BB0004 /* GameSettings.swift */; };
		AA0005 /* GameViewModel.swift in Sources */ = {isa = PBXBuildFile; fileRef = BB0005 /* GameViewModel.swift */; };
		AA0006 /* Assets.xcassets in Resources */ = {isa = PBXBuildFile; fileRef = BB0006 /* Assets.xcassets */; };
		TT0001 /* TileTests.swift in Sources */ = {isa = PBXBuildFile; fileRef = TT0002 /* TileTests.swift */; };
		TT0040 /* MockSoundManager.swift in Sources */ = {isa = PBXBuildFile; fileRef = TT0041 /* MockSoundManager.swift */; };
		TT0042 /* MockStatsTracker.swift in Sources */ = {isa = PBXBuildFile; fileRef = TT0043 /* MockStatsTracker.swift */; };
		TT0044 /* GameSettingsTests.swift in Sources */ = {isa = PBXBuildFile; fileRef = TT0045 /* GameSettingsTests.swift */; };
		TT0046 /* GameStatsTests.swift in Sources */ = {isa = PBXBuildFile; fileRef = TT0047 /* GameStatsTests.swift */; };
		TT0048 /* StatsManagerTests.swift in Sources */ = {isa = PBXBuildFile; fileRef = TT0049 /* StatsManagerTests.swift */; };
		TT0052 /* GameViewModelTests.swift in Sources */ = {isa = PBXBuildFile; fileRef = TT0051 /* GameViewModelTests.swift */; };
/* End PBXBuildFile section */

/* Begin PBXContainerItemProxy section */
		TT0010 /* PBXContainerItemProxy */ = {
			isa = PBXContainerItemProxy;
			containerPortal = GG0001 /* Project object */;
			proxyType = 1;
			remoteGlobalIDString = FF0001;
			remoteInfo = HideAndSeek;
		};
/* End PBXContainerItemProxy section */

/* Begin PBXFileReference section */
		0A12F38B2F428058007A0625 /* SoundManager.swift */ = {isa = PBXFileReference; lastKnownFileType = sourcecode.swift; path = SoundManager.swift; sourceTree = "<group>"; };
		0A12F38E2F428059007A0625 /* SoundPlaying.swift */ = {isa = PBXFileReference; lastKnownFileType = sourcecode.swift; path = SoundPlaying.swift; sourceTree = "<group>"; };
		0A12F38F2F428059007A0625 /* StatsTracking.swift */ = {isa = PBXFileReference; lastKnownFileType = sourcecode.swift; path = StatsTracking.swift; sourceTree = "<group>"; };
		0A76F2B82F429AA500F56EC0 /* buzzer.wav */ = {isa = PBXFileReference; lastKnownFileType = audio.wav; path = buzzer.wav; sourceTree = "<group>"; };
		0A76F2B92F429AA500F56EC0 /* coins.wav */ = {isa = PBXFileReference; lastKnownFileType = audio.wav; path = coins.wav; sourceTree = "<group>"; };
		0A76F2BA2F429AA500F56EC0 /* compass.wav */ = {isa = PBXFileReference; lastKnownFileType = audio.wav; path = compass.wav; sourceTree = "<group>"; };
		0A76F2BB2F429AA500F56EC0 /* shovel.wav */ = {isa = PBXFileReference; lastKnownFileType = audio.wav; path = shovel.wav; sourceTree = "<group>"; };
		0A76F2BC2F429AA500F56EC0 /* victory.wav */ = {isa = PBXFileReference; lastKnownFileType = audio.wav; path = victory.wav; sourceTree = "<group>"; };
		0A76F2C32F42A07800F56EC0 /* failure.wav */ = {isa = PBXFileReference; lastKnownFileType = audio.wav; path = failure.wav; sourceTree = "<group>"; };
		0A76F2C52F42A38000F56EC0 /* GameStats.swift */ = {isa = PBXFileReference; lastKnownFileType = sourcecode.swift; path = GameStats.swift; sourceTree = "<group>"; };
		0A76F2C72F42A39100F56EC0 /* StatsManager.swift */ = {isa = PBXFileReference; lastKnownFileType = sourcecode.swift; path = StatsManager.swift; sourceTree = "<group>"; };
		0A76F2C92F42A3A200F56EC0 /* MilestoneView.swift */ = {isa = PBXFileReference; lastKnownFileType = sourcecode.swift; path = MilestoneView.swift; sourceTree = "<group>"; };
		0A76F2CA2F42A3A200F56EC0 /* StatsView.swift */ = {isa = PBXFileReference; lastKnownFileType = sourcecode.swift; path = StatsView.swift; sourceTree = "<group>"; };
		BB0001 /* HideAndSeekApp.swift */ = {isa = PBXFileReference; lastKnownFileType = sourcecode.swift; path = HideAndSeekApp.swift; sourceTree = "<group>"; };
		BB0002 /* ContentView.swift */ = {isa = PBXFileReference; lastKnownFileType = sourcecode.swift; path = ContentView.swift; sourceTree = "<group>"; };
		BB0003 /* Tile.swift */ = {isa = PBXFileReference; lastKnownFileType = sourcecode.swift; path = Tile.swift; sourceTree = "<group>"; };
		BB0004 /* GameSettings.swift */ = {isa = PBXFileReference; lastKnownFileType = sourcecode.swift; path = GameSettings.swift; sourceTree = "<group>"; };
		BB0005 /* GameViewModel.swift */ = {isa = PBXFileReference; lastKnownFileType = sourcecode.swift; path = GameViewModel.swift; sourceTree = "<group>"; };
		BB0006 /* Assets.xcassets */ = {isa = PBXFileReference; lastKnownFileType = folder.assetcatalog; path = Assets.xcassets; sourceTree = "<group>"; };
		CC0001 /* HideAndSeek.app */ = {isa = PBXFileReference; explicitFileType = wrapper.application; includeInIndex = 0; path = HideAndSeek.app; sourceTree = BUILT_PRODUCTS_DIR; };
		TT0002 /* TileTests.swift */ = {isa = PBXFileReference; lastKnownFileType = sourcecode.swift; path = TileTests.swift; sourceTree = "<group>"; };
		TT0003 /* HideAndSeekTests.xctest */ = {isa = PBXFileReference; explicitFileType = wrapper.cfbundle; includeInIndex = 0; path = HideAndSeekTests.xctest; sourceTree = BUILT_PRODUCTS_DIR; };
		TT0041 /* MockSoundManager.swift */ = {isa = PBXFileReference; lastKnownFileType = sourcecode.swift; path = MockSoundManager.swift; sourceTree = "<group>"; };
		TT0043 /* MockStatsTracker.swift */ = {isa = PBXFileReference; lastKnownFileType = sourcecode.swift; path = MockStatsTracker.swift; sourceTree = "<group>"; };
		TT0045 /* GameSettingsTests.swift */ = {isa = PBXFileReference; lastKnownFileType = sourcecode.swift; path = GameSettingsTests.swift; sourceTree = "<group>"; };
		TT0047 /* GameStatsTests.swift */ = {isa = PBXFileReference; lastKnownFileType = sourcecode.swift; path = GameStatsTests.swift; sourceTree = "<group>"; };
		TT0049 /* StatsManagerTests.swift */ = {isa = PBXFileReference; lastKnownFileType = sourcecode.swift; path = StatsManagerTests.swift; sourceTree = "<group>"; };
		TT0051 /* GameViewModelTests.swift */ = {isa = PBXFileReference; lastKnownFileType = sourcecode.swift; path = GameViewModelTests.swift; sourceTree = "<group>"; };
/* End PBXFileReference section */

/* Begin PBXFrameworksBuildPhase section */
		DD0001 /* Frameworks */ = {
			isa = PBXFrameworksBuildPhase;
			buildActionMask = 2147483647;
			files = (
			);
			runOnlyForDeploymentPostprocessing = 0;
		};
		TT0020 /* Frameworks */ = {
			isa = PBXFrameworksBuildPhase;
			buildActionMask = 2147483647;
			files = (
			);
			runOnlyForDeploymentPostprocessing = 0;
		};
/* End PBXFrameworksBuildPhase section */

/* Begin PBXGroup section */
		0A12F38C2F428058007A0625 /* Managers */ = {
			isa = PBXGroup;
			children = (
				0A12F38E2F428059007A0625 /* SoundPlaying.swift */,
				0A12F38B2F428058007A0625 /* SoundManager.swift */,
				0A12F38F2F428059007A0625 /* StatsTracking.swift */,
				0A76F2C72F42A39100F56EC0 /* StatsManager.swift */,
			);
			path = Managers;
			sourceTree = "<group>";
		};
		0A76F2BD2F429AA500F56EC0 /* Sounds */ = {
			isa = PBXGroup;
			children = (
				0A76F2C32F42A07800F56EC0 /* failure.wav */,
				0A76F2B82F429AA500F56EC0 /* buzzer.wav */,
				0A76F2B92F429AA500F56EC0 /* coins.wav */,
				0A76F2BA2F429AA500F56EC0 /* compass.wav */,
				0A76F2BB2F429AA500F56EC0 /* shovel.wav */,
				0A76F2BC2F429AA500F56EC0 /* victory.wav */,
			);
			path = Sounds;
			sourceTree = "<group>";
		};
		EE0001 = {
			isa = PBXGroup;
			children = (
				EE0002 /* HideAndSeek */,
				TT0004 /* HideAndSeekTests */,
				EE0003 /* Products */,
			);
			sourceTree = "<group>";
		};
		EE0002 /* HideAndSeek */ = {
			isa = PBXGroup;
			children = (
				0A12F38C2F428058007A0625 /* Managers */,
				BB0001 /* HideAndSeekApp.swift */,
				EE0004 /* Models */,
				EE0005 /* ViewModels */,
				EE0006 /* Views */,
				BB0006 /* Assets.xcassets */,
				0A76F2BD2F429AA500F56EC0 /* Sounds */,
			);
			path = HideAndSeek;
			sourceTree = "<group>";
		};
		EE0003 /* Products */ = {
			isa = PBXGroup;
			children = (
				CC0001 /* HideAndSeek.app */,
				TT0003 /* HideAndSeekTests.xctest */,
			);
			name = Products;
			sourceTree = "<group>";
		};
		EE0004 /* Models */ = {
			isa = PBXGroup;
			children = (
				0A76F2C52F42A38000F56EC0 /* GameStats.swift */,
				BB0003 /* Tile.swift */,
				BB0004 /* GameSettings.swift */,
			);
			path = Models;
			sourceTree = "<group>";
		};
		EE0005 /* ViewModels */ = {
			isa = PBXGroup;
			children = (
				BB0005 /* GameViewModel.swift */,
			);
			path = ViewModels;
			sourceTree = "<group>";
		};
		EE0006 /* Views */ = {
			isa = PBXGroup;
			children = (
				0A76F2C92F42A3A200F56EC0 /* MilestoneView.swift */,
				0A76F2CA2F42A3A200F56EC0 /* StatsView.swift */,
				BB0002 /* ContentView.swift */,
			);
			path = Views;
			sourceTree = "<group>";
		};
		TT0004 /* HideAndSeekTests */ = {
			isa = PBXGroup;
			children = (
				TT0050 /* Mocks */,
				TT0002 /* TileTests.swift */,
				TT0045 /* GameSettingsTests.swift */,
				TT0047 /* GameStatsTests.swift */,
				TT0049 /* StatsManagerTests.swift */,
				TT0051 /* GameViewModelTests.swift */,
			);
			path = HideAndSeekTests;
			sourceTree = "<group>";
		};
		TT0050 /* Mocks */ = {
			isa = PBXGroup;
			children = (
				TT0041 /* MockSoundManager.swift */,
				TT0043 /* MockStatsTracker.swift */,
			);
			path = Mocks;
			sourceTree = "<group>";
		};
/* End PBXGroup section */

/* Begin PBXNativeTarget section */
		FF0001 /* HideAndSeek */ = {
			isa = PBXNativeTarget;
			buildConfigurationList = FF0002 /* Build configuration list for PBXNativeTarget "HideAndSeek" */;
			buildPhases = (
				FF0003 /* Sources */,
				DD0001 /* Frameworks */,
				FF0004 /* Resources */,
			);
			buildRules = (
			);
			dependencies = (
			);
			name = HideAndSeek;
			productName = HideAndSeek;
			productReference = CC0001 /* HideAndSeek.app */;
			productType = "com.apple.product-type.application";
		};
		TT0005 /* HideAndSeekTests */ = {
			isa = PBXNativeTarget;
			buildConfigurationList = TT0030 /* Build configuration list for PBXNativeTarget "HideAndSeekTests" */;
			buildPhases = (
				TT0006 /* Sources */,
				TT0020 /* Frameworks */,
				TT0021 /* Resources */,
			);
			buildRules = (
			);
			dependencies = (
				TT0011 /* PBXTargetDependency */,
			);
			name = HideAndSeekTests;
			productName = HideAndSeekTests;
			productReference = TT0003 /* HideAndSeekTests.xctest */;
			productType = "com.apple.product-type.bundle.unit-test";
		};
/* End PBXNativeTarget section */

/* Begin PBXProject section */
		GG0001 /* Project object */ = {
			isa = PBXProject;
			attributes = {
				BuildIndependentTargetsInParallel = 1;
				LastSwiftUpdateCheck = 1500;
				LastUpgradeCheck = 1500;
				TargetAttributes = {
					FF0001 = {
						CreatedOnToolsVersion = 15.0;
					};
					TT0005 = {
						CreatedOnToolsVersion = 15.0;
						TestTargetID = FF0001;
					};
				};
			};
			buildConfigurationList = GG0002 /* Build configuration list for PBXProject "HideAndSeek" */;
			compatibilityVersion = "Xcode 14.0";
			developmentRegion = en;
			hasScannedForEncodings = 0;
			knownRegions = (
				en,
				Base,
			);
			mainGroup = EE0001;
			productRefGroup = EE0003 /* Products */;
			projectDirPath = "";
			projectRoot = "";
			targets = (
				FF0001 /* HideAndSeek */,
				TT0005 /* HideAndSeekTests */,
			);
		};
/* End PBXProject section */

/* Begin PBXResourcesBuildPhase section */
		FF0004 /* Resources */ = {
			isa = PBXResourcesBuildPhase;
			buildActionMask = 2147483647;
			files = (
				0A76F2C42F42A07800F56EC0 /* failure.wav in Resources */,
				0A76F2BE2F429AA500F56EC0 /* buzzer.wav in Resources */,
				0A76F2BF2F429AA500F56EC0 /* victory.wav in Resources */,
				0A76F2C02F429AA500F56EC0 /* shovel.wav in Resources */,
				0A76F2C12F429AA500F56EC0 /* compass.wav in Resources */,
				0A76F2C22F429AA500F56EC0 /* coins.wav in Resources */,
				AA0006 /* Assets.xcassets in Resources */,
			);
			runOnlyForDeploymentPostprocessing = 0;
		};
		TT0021 /* Resources */ = {
			isa = PBXResourcesBuildPhase;
			buildActionMask = 2147483647;
			files = (
			);
			runOnlyForDeploymentPostprocessing = 0;
		};
/* End PBXResourcesBuildPhase section */

/* Begin PBXSourcesBuildPhase section */
		FF0003 /* Sources */ = {
			isa = PBXSourcesBuildPhase;
			buildActionMask = 2147483647;
			files = (
				0A76F2C62F42A38000F56EC0 /* GameStats.swift in Sources */,
				AA0001 /* HideAndSeekApp.swift in Sources */,
				AA0002 /* ContentView.swift in Sources */,
				AA0003 /* Tile.swift in Sources */,
				0A76F2CB2F42A3A200F56EC0 /* MilestoneView.swift in Sources */,
				0A76F2CC2F42A3A200F56EC0 /* StatsView.swift in Sources */,
				AA0004 /* GameSettings.swift in Sources */,
				AA0005 /* GameViewModel.swift in Sources */,
				0A12F38D2F428058007A0625 /* SoundManager.swift in Sources */,
				0A12F3902F428059007A0625 /* SoundPlaying.swift in Sources */,
				0A12F3912F428059007A0625 /* StatsTracking.swift in Sources */,
				0A76F2C82F42A39100F56EC0 /* StatsManager.swift in Sources */,
			);
			runOnlyForDeploymentPostprocessing = 0;
		};
		TT0006 /* Sources */ = {
			isa = PBXSourcesBuildPhase;
			buildActionMask = 2147483647;
			files = (
				TT0001 /* TileTests.swift in Sources */,
				TT0040 /* MockSoundManager.swift in Sources */,
				TT0042 /* MockStatsTracker.swift in Sources */,
				TT0044 /* GameSettingsTests.swift in Sources */,
				TT0046 /* GameStatsTests.swift in Sources */,
				TT0048 /* StatsManagerTests.swift in Sources */,
				TT0052 /* GameViewModelTests.swift in Sources */,
			);
			runOnlyForDeploymentPostprocessing = 0;
		};
/* End PBXSourcesBuildPhase section */

/* Begin PBXTargetDependency section */
		TT0011 /* PBXTargetDependency */ = {
			isa = PBXTargetDependency;
			target = FF0001 /* HideAndSeek */;
			targetProxy = TT0010 /* PBXContainerItemProxy */;
		};
/* End PBXTargetDependency section */

/* Begin XCBuildConfiguration section */
		HH0001 /* Debug */ = {
			isa = XCBuildConfiguration;
			buildSettings = {
				ALWAYS_SEARCH_USER_PATHS = NO;
				ASSETCATALOG_COMPILER_APPICON_NAME = AppIcon;
				ASSETCATALOG_COMPILER_GLOBAL_ACCENT_COLOR_NAME = AccentColor;
				CLANG_ANALYZER_NONNULL = YES;
				CLANG_ANALYZER_NUMBER_OBJECT_CONVERSION = YES_AGGRESSIVE;
				CLANG_CXX_LANGUAGE_STANDARD = "gnu++20";
				CLANG_ENABLE_MODULES = YES;
				CLANG_ENABLE_OBJC_ARC = YES;
				CLANG_ENABLE_OBJC_WEAK = YES;
				CLANG_WARN_BLOCK_CAPTURE_AUTORELEASING = YES;
				CLANG_WARN_BOOL_CONVERSION = YES;
				CLANG_WARN_COMMA = YES;
				CLANG_WARN_CONSTANT_CONVERSION = YES;
				CLANG_WARN_DEPRECATED_OBJC_IMPLEMENTATIONS = YES;
				CLANG_WARN_DIRECT_OBJC_ISA_USAGE = YES_ERROR;
				CLANG_WARN_DOCUMENTATION_COMMENTS = YES;
				CLANG_WARN_EMPTY_BODY = YES;
				CLANG_WARN_ENUM_CONVERSION = YES;
				CLANG_WARN_INFINITE_RECURSION = YES;
				CLANG_WARN_INT_CONVERSION = YES;
				CLANG_WARN_NON_LITERAL_NULL_CONVERSION = YES;
				CLANG_WARN_OBJC_IMPLICIT_RETAIN_SELF = YES;
				CLANG_WARN_OBJC_LITERAL_CONVERSION = YES;
				CLANG_WARN_OBJC_ROOT_CLASS = YES_ERROR;
				CLANG_WARN_QUOTED_INCLUDE_IN_FRAMEWORK_HEADER = YES;
				CLANG_WARN_RANGE_LOOP_ANALYSIS = YES;
				CLANG_WARN_STRICT_PROTOTYPES = YES;
				CLANG_WARN_SUSPICIOUS_MOVE = YES;
				CLANG_WARN_UNGUARDED_AVAILABILITY = YES_AGGRESSIVE;
				CLANG_WARN_UNREACHABLE_CODE = YES;
				CLANG_WARN__DUPLICATE_METHOD_MATCH = YES;
				COPY_PHASE_STRIP = NO;
				DEBUG_INFORMATION_FORMAT = dwarf;
				ENABLE_STRICT_OBJC_MSGSEND = YES;
				ENABLE_TESTABILITY = YES;
				GCC_C_LANGUAGE_STANDARD = gnu11;
				GCC_DYNAMIC_NO_PIC = NO;
				GCC_NO_COMMON_BLOCKS = YES;
				GCC_OPTIMIZATION_LEVEL = 0;
				GCC_PREPROCESSOR_DEFINITIONS = (
					"DEBUG=1",
					"$(inherited)",
				);
				GCC_WARN_64_TO_32_BIT_CONVERSION = YES;
				GCC_WARN_ABOUT_RETURN_TYPE = YES_ERROR;
				GCC_WARN_UNDECLARED_SELECTOR = YES;
				GCC_WARN_UNINITIALIZED_AUTOS = YES_AGGRESSIVE;
				GCC_WARN_UNUSED_FUNCTION = YES;
				GCC_WARN_UNUSED_VARIABLE = YES;
				IPHONEOS_DEPLOYMENT_TARGET = 16.0;
				MTL_ENABLE_DEBUG_INFO = INCLUDE_SOURCE;
				MTL_FAST_MATH = YES;
				ONLY_ACTIVE_ARCH = YES;
				SDKROOT = iphoneos;
				SWIFT_ACTIVE_COMPILATION_CONDITIONS = DEBUG;
				SWIFT_OPTIMIZATION_LEVEL = "-Onone";
			};
			name = Debug;
		};
		HH0002 /* Release */ = {
			isa = XCBuildConfiguration;
			buildSettings = {
				ALWAYS_SEARCH_USER_PATHS = NO;
				ASSETCATALOG_COMPILER_APPICON_NAME = AppIcon;
				ASSETCATALOG_COMPILER_GLOBAL_ACCENT_COLOR_NAME = AccentColor;
				CLANG_ANALYZER_NONNULL = YES;
				CLANG_ANALYZER_NUMBER_OBJECT_CONVERSION = YES_AGGRESSIVE;
				CLANG_CXX_LANGUAGE_STANDARD = "gnu++20";
				CLANG_ENABLE_MODULES = YES;
				CLANG_ENABLE_OBJC_ARC = YES;
				CLANG_ENABLE_OBJC_WEAK = YES;
				CLANG_WARN_BLOCK_CAPTURE_AUTORELEASING = YES;
				CLANG_WARN_BOOL_CONVERSION = YES;
				CLANG_WARN_COMMA = YES;
				CLANG_WARN_CONSTANT_CONVERSION = YES;
				CLANG_WARN_DEPRECATED_OBJC_IMPLEMENTATIONS = YES;
				CLANG_WARN_DIRECT_OBJC_ISA_USAGE = YES_ERROR;
				CLANG_WARN_DOCUMENTATION_COMMENTS = YES;
				CLANG_WARN_EMPTY_BODY = YES;
				CLANG_WARN_ENUM_CONVERSION = YES;
				CLANG_WARN_INFINITE_RECURSION = YES;
				CLANG_WARN_INT_CONVERSION = YES;
				CLANG_WARN_NON_LITERAL_NULL_CONVERSION = YES;
				CLANG_WARN_OBJC_IMPLICIT_RETAIN_SELF = YES;
				CLANG_WARN_OBJC_LITERAL_CONVERSION = YES;
				CLANG_WARN_OBJC_ROOT_CLASS = YES_ERROR;
				CLANG_WARN_QUOTED_INCLUDE_IN_FRAMEWORK_HEADER = YES;
				CLANG_WARN_RANGE_LOOP_ANALYSIS = YES;
				CLANG_WARN_STRICT_PROTOTYPES = YES;
				CLANG_WARN_SUSPICIOUS_MOVE = YES;
				CLANG_WARN_UNGUARDED_AVAILABILITY = YES_AGGRESSIVE;
				CLANG_WARN_UNREACHABLE_CODE = YES;
				CLANG_WARN__DUPLICATE_METHOD_MATCH = YES;
				COPY_PHASE_STRIP = NO;
				DEBUG_INFORMATION_FORMAT = "dwarf-with-dsym";
				ENABLE_NS_ASSERTIONS = NO;
				ENABLE_STRICT_OBJC_MSGSEND = YES;
				GCC_C_LANGUAGE_STANDARD = gnu11;
				GCC_NO_COMMON_BLOCKS = YES;
				GCC_WARN_64_TO_32_BIT_CONVERSION = YES;
				GCC_WARN_ABOUT_RETURN_TYPE = YES_ERROR;
				GCC_WARN_UNDECLARED_SELECTOR = YES;
				GCC_WARN_UNINITIALIZED_AUTOS = YES_AGGRESSIVE;
				GCC_WARN_UNUSED_FUNCTION = YES;
				GCC_WARN_UNUSED_VARIABLE = YES;
				IPHONEOS_DEPLOYMENT_TARGET = 16.0;
				MTL_ENABLE_DEBUG_INFO = NO;
				MTL_FAST_MATH = YES;
				SDKROOT = iphoneos;
				SWIFT_COMPILATION_MODE = wholemodule;
				SWIFT_OPTIMIZATION_LEVEL = "-O";
				VALIDATE_PRODUCT = YES;
			};
			name = Release;
		};
		HH0003 /* Debug */ = {
			isa = XCBuildConfiguration;
			buildSettings = {
				ASSETCATALOG_COMPILER_APPICON_NAME = AppIcon;
				ASSETCATALOG_COMPILER_GLOBAL_ACCENT_COLOR_NAME = AccentColor;
				CODE_SIGN_STYLE = Automatic;
				CURRENT_PROJECT_VERSION = 1;
				DEVELOPMENT_ASSET_PATHS = "";
				DEVELOPMENT_TEAM = LMMVWL22J9;
				ENABLE_PREVIEWS = YES;
				GENERATE_INFOPLIST_FILE = YES;
				INFOPLIST_KEY_UIApplicationSceneManifest_Generation = YES;
				INFOPLIST_KEY_UIApplicationSupportsIndirectInputEvents = YES;
				INFOPLIST_KEY_UILaunchScreen_Generation = YES;
				INFOPLIST_KEY_UISupportedInterfaceOrientations_iPad = "UIInterfaceOrientationPortrait UIInterfaceOrientationPortraitUpsideDown UIInterfaceOrientationLandscapeLeft UIInterfaceOrientationLandscapeRight";
				INFOPLIST_KEY_UISupportedInterfaceOrientations_iPhone = "UIInterfaceOrientationPortrait UIInterfaceOrientationLandscapeLeft UIInterfaceOrientationLandscapeRight";
				LD_RUNPATH_SEARCH_PATHS = (
					"$(inherited)",
					"@executable_path/Frameworks",
				);
				MARKETING_VERSION = 1.0;
				PRODUCT_BUNDLE_IDENTIFIER = com.hideandseek.app;
				PRODUCT_NAME = "$(TARGET_NAME)";
				SWIFT_EMIT_LOC_STRINGS = YES;
				SWIFT_VERSION = 5.0;
				TARGETED_DEVICE_FAMILY = "1,2";
			};
			name = Debug;
		};
		HH0004 /* Release */ = {
			isa = XCBuildConfiguration;
			buildSettings = {
				ASSETCATALOG_COMPILER_APPICON_NAME = AppIcon;
				ASSETCATALOG_COMPILER_GLOBAL_ACCENT_COLOR_NAME = AccentColor;
				CODE_SIGN_STYLE = Automatic;
				CURRENT_PROJECT_VERSION = 1;
				DEVELOPMENT_ASSET_PATHS = "";
				DEVELOPMENT_TEAM = LMMVWL22J9;
				ENABLE_PREVIEWS = YES;
				GENERATE_INFOPLIST_FILE = YES;
				INFOPLIST_KEY_UIApplicationSceneManifest_Generation = YES;
				INFOPLIST_KEY_UIApplicationSupportsIndirectInputEvents = YES;
				INFOPLIST_KEY_UILaunchScreen_Generation = YES;
				INFOPLIST_KEY_UISupportedInterfaceOrientations_iPad = "UIInterfaceOrientationPortrait UIInterfaceOrientationPortraitUpsideDown UIInterfaceOrientationLandscapeLeft UIInterfaceOrientationLandscapeRight";
				INFOPLIST_KEY_UISupportedInterfaceOrientations_iPhone = "UIInterfaceOrientationPortrait UIInterfaceOrientationLandscapeLeft UIInterfaceOrientationLandscapeRight";
				LD_RUNPATH_SEARCH_PATHS = (
					"$(inherited)",
					"@executable_path/Frameworks",
				);
				MARKETING_VERSION = 1.0;
				PRODUCT_BUNDLE_IDENTIFIER = com.hideandseek.app;
				PRODUCT_NAME = "$(TARGET_NAME)";
				SWIFT_EMIT_LOC_STRINGS = YES;
				SWIFT_VERSION = 5.0;
				TARGETED_DEVICE_FAMILY = "1,2";
			};
			name = Release;
		};
		TT0031 /* Debug */ = {
			isa = XCBuildConfiguration;
			buildSettings = {
				BUNDLE_LOADER = "$(TEST_HOST)";
				CODE_SIGN_STYLE = Automatic;
				CURRENT_PROJECT_VERSION = 1;
				DEVELOPMENT_TEAM = LMMVWL22J9;
				GENERATE_INFOPLIST_FILE = YES;
				IPHONEOS_DEPLOYMENT_TARGET = 16.0;
				MARKETING_VERSION = 1.0;
				PRODUCT_BUNDLE_IDENTIFIER = com.hideandseek.tests;
				PRODUCT_NAME = "$(TARGET_NAME)";
				SWIFT_EMIT_LOC_STRINGS = NO;
				SWIFT_VERSION = 5.0;
				TARGETED_DEVICE_FAMILY = "1,2";
				TEST_HOST = "$(BUILT_PRODUCTS_DIR)/HideAndSeek.app/$(BUNDLE_EXECUTABLE_FOLDER_PATH)/HideAndSeek";
			};
			name = Debug;
		};
		TT0032 /* Release */ = {
			isa = XCBuildConfiguration;
			buildSettings = {
				BUNDLE_LOADER = "$(TEST_HOST)";
				CODE_SIGN_STYLE = Automatic;
				CURRENT_PROJECT_VERSION = 1;
				DEVELOPMENT_TEAM = LMMVWL22J9;
				GENERATE_INFOPLIST_FILE = YES;
				IPHONEOS_DEPLOYMENT_TARGET = 16.0;
				MARKETING_VERSION = 1.0;
				PRODUCT_BUNDLE_IDENTIFIER = com.hideandseek.tests;
				PRODUCT_NAME = "$(TARGET_NAME)";
				SWIFT_EMIT_LOC_STRINGS = NO;
				SWIFT_VERSION = 5.0;
				TARGETED_DEVICE_FAMILY = "1,2";
				TEST_HOST = "$(BUILT_PRODUCTS_DIR)/HideAndSeek.app/$(BUNDLE_EXECUTABLE_FOLDER_PATH)/HideAndSeek";
			};
			name = Release;
		};
/* End XCBuildConfiguration section */

/* Begin XCConfigurationList section */
		FF0002 /* Build configuration list for PBXNativeTarget "HideAndSeek" */ = {
			isa = XCConfigurationList;
			buildConfigurations = (
				HH0003 /* Debug */,
				HH0004 /* Release */,
			);
			defaultConfigurationIsVisible = 0;
			defaultConfigurationName = Release;
		};
		GG0002 /* Build configuration list for PBXProject "HideAndSeek" */ = {
			isa = XCConfigurationList;
			buildConfigurations = (
				HH0001 /* Debug */,
				HH0002 /* Release */,
			);
			defaultConfigurationIsVisible = 0;
			defaultConfigurationName = Release;
		};
		TT0030 /* Build configuration list for PBXNativeTarget "HideAndSeekTests" */ = {
			isa = XCConfigurationList;
			buildConfigurations = (
				TT0031 /* Debug */,
				TT0032 /* Release */,
			);
			defaultConfigurationIsVisible = 0;
			defaultConfigurationName = Release;
		};
/* End XCConfigurationList section */
	};
	rootObject = GG0001 /* Project object */;
}
